
Microsoft Visual Studio Solution File, Format Version 12.00
# Visual Studio Version 16
VisualStudioVersion = 16.0.30907.101
MinimumVisualStudioVersion = 10.0.40219.1
Project("{9A19103F-16F7-4668-BE54-9A1E7A4F7556}") = "Entities", "Entities\Entities.csproj", "{4BCFC4FE-A3A0-4259-BAE9-3C272AA3769A}"
EndProject
Project("{9A19103F-16F7-4668-BE54-9A1E7A4F7556}") = "DataAccess", "DataAccess\DataAccess.csproj", "{BCC9F00D-E976-4B2F-9B8D-866F4E5C05C5}"
EndProject
Project("{9A19103F-16F7-4668-BE54-9A1E7A4F7556}") = "Business", "Business\Business.csproj", "{AB1D37CF-F3ED-4E27-A713-9A909105215D}"
EndProject
Project("{9A19103F-16F7-4668-BE54-9A1E7A4F7556}") = "Console", "Console\Console.csproj", "{9EFF509B-3BAA-46A2-B2D8-FFD1F1308551}"
EndProject
Global
	GlobalSection(SolutionConfigurationPlatforms) = preSolution
		Debug|Any CPU = Debug|Any CPU
		Release|Any CPU = Release|Any CPU
	EndGlobalSection
	GlobalSection(ProjectConfigurationPlatforms) = postSolution
		{4BCFC4FE-A3A0-4259-BAE9-3C272AA3769A}.Debug|Any CPU.ActiveCfg = Debug|Any CPU
		{4BCFC4FE-A3A0-4259-BAE9-3C272AA3769A}.Debug|Any CPU.Build.0 = Debug|Any CPU
		{4BCFC4FE-A3A0-4259-BAE9-3C272AA3769A}.Release|Any CPU.ActiveCfg = Release|Any CPU
		{4BCFC4FE-A3A0-4259-BAE9-3C272AA3769A}.Release|Any CPU.Build.0 = Release|Any CPU
		{BCC9F00D-E976-4B2F-9B8D-866F4E5C05C5}.Debug|Any CPU.ActiveCfg = Debug|Any CPU
		{BCC9F00D-E976-4B2F-9B8D-866F4E5C05C5}.Debug|Any CPU.Build.0 = Debug|Any CPU
		{BCC9F00D-E976-4B2F-9B8D-866F4E5C05C5}.Release|Any CPU.ActiveCfg = Release|Any CPU
		{BCC9F00D-E976-4B2F-9B8D-866F4E5C05C5}.Release|Any CPU.Build.0 = Release|Any CPU
		{AB1D37CF-F3ED-4E27-A713-9A909105215D}.Debug|Any CPU.ActiveCfg = Debug|Any CPU
		{AB1D37CF-F3ED-4E27-A713-9A909105215D}.Debug|Any CPU.Build.0 = Debug|Any CPU
		{AB1D37CF-F3ED-4E27-A713-9A909105215D}.Release|Any CPU.ActiveCfg = Release|Any CPU
		{AB1D37CF-F3ED-4E27-A713-9A909105215D}.Release|Any CPU.Build.0 = Release|Any CPU
		{9EFF509B-3BAA-46A2-B2D8-FFD1F1308551}.Debug|Any CPU.ActiveCfg = Debug|Any CPU
		{9EFF509B-3BAA-46A2-B2D8-FFD1F1308551}.Debug|Any CPU.Build.0 = Debug|Any CPU
		{9EFF509B-3BAA-46A2-B2D8-FFD1F1308551}.Release|Any CPU.ActiveCfg = Release|Any CPU
		{9EFF509B-3BAA-46A2-B2D8-FFD1F1308551}.Release|Any CPU.Build.0 = Release|Any CPU
	EndGlobalSection
	GlobalSection(SolutionProperties) = preSolution
		HideSolutionNode = FALSE
	EndGlobalSection
	GlobalSection(ExtensibilityGlobals) = postSolution
		SolutionGuid = {48ABB38A-B762-4F1E-9900-76D52C1DF996}
	EndGlobalSection
EndGlobal
